
Microsoft Visual Studio Solution File, Format Version 12.00
# Visual Studio Version 17
VisualStudioVersion = 17.6.33723.286
MinimumVisualStudioVersion = 10.0.40219.1
Project("{FAE04EC0-301F-11D3-BF4B-00C04F79EFBC}") = "Dominoes", "Dominoes.csproj", "{89846705-29B3-4F4E-90AD-6F599B27A46D}"
EndProject
Global
	GlobalSection(SolutionConfigurationPlatforms) = preSolution
		Debug|Any CPU = Debug|Any CPU
		Release|Any CPU = Release|Any CPU
	EndGlobalSection
	GlobalSection(ProjectConfigurationPlatforms) = postSolution
		{89846705-29B3-4F4E-90AD-6F599B27A46D}.Debug|Any CPU.ActiveCfg = Debug|Any CPU
		{89846705-29B3-4F4E-90AD-6F599B27A46D}.Debug|Any CPU.Build.0 = Debug|Any CPU
		{89846705-29B3-4F4E-90AD-6F599B27A46D}.Release|Any CPU.ActiveCfg = Release|Any CPU
		{89846705-29B3-4F4E-90AD-6F599B27A46D}.Release|Any CPU.Build.0 = Release|Any CPU
	EndGlobalSection
	GlobalSection(SolutionProperties) = preSolution
		HideSolutionNode = FALSE
	EndGlobalSection
	GlobalSection(ExtensibilityGlobals) = postSolution
		SolutionGuid = {D5F3B8E1-1553-49F1-A8E6-AF6C4B8F66E0}
	EndGlobalSection
EndGlobal
